{
  "name": "cpbox-docs",
  "lockfileVersion": 3,
  "requires": true,
  "packages": {
    "": {
      "dependencies": {
        "gitbook-plugin-chapter-fold": "^0.0.4",
        "gitbook-plugin-language-selector": "^1.1.2",
        "gitbook-plugin-reflinks": "^1.0.1",
        "gitbook-plugin-sitemap": "^1.2.0",
        "gitbook-plugin-toggle-chapters": "^0.0.3",
        "gitbook-plugin-video-embed": "^0.0.1"
      }
    },
    "node_modules/gitbook-plugin-chapter-fold": {
      "version": "0.0.4",
      "resolved": "https://registry.npmjs.org/gitbook-plugin-chapter-fold/-/gitbook-plugin-chapter-fold-0.0.4.tgz",
      "integrity": "sha512-pszjq24KVV7sZFsaYE/3e3fA9zkdMiK4QVlfxvlOiuPpoEWuZb1BbpurZTla8aNjyqbE5ifK4BxwKlHvgcAlsg==",
      "engines": {
        "gitbook": ">=1.0.0"
      }
    },
    "node_modules/gitbook-plugin-language-selector": {
      "version": "1.1.2",
      "resolved": "https://registry.npmjs.org/gitbook-plugin-language-selector/-/gitbook-plugin-language-selector-1.1.2.tgz",
      "integrity": "sha512-uEuB2aOugicwg+1Q8saJdBhxTAV8W2Wlwi/gygCF28PxF0qpIBh43zofXWMmRT5hjdw6p1+Erb1L1KiEcP8+0Q==",
      "engines": {
        "gitbook": ">=3.0.0"
      }
    },
    "node_modules/gitbook-plugin-reflinks": {
      "version": "1.0.1",
      "resolved": "https://registry.npmjs.org/gitbook-plugin-reflinks/-/gitbook-plugin-reflinks-1.0.1.tgz",
      "integrity": "sha512-F0l17D9R+8svc0NEvtlX3jZl4dWW8otj5axkuWN47wO2ScVWguCRG9zkPuvvNPhDRE3eaZvR7xjwyW/yxen94Q==",
      "engines": {
        "gitbook": ">=3.0.0"
      }
    },
    "node_modules/gitbook-plugin-sitemap": {
      "version": "1.2.0",
      "resolved": "https://registry.npmjs.org/gitbook-plugin-sitemap/-/gitbook-plugin-sitemap-1.2.0.tgz",
      "integrity": "sha512-PSJ2BuuNot5CczwzjSCIyRRtom87nPXuD4pEtuVUEg10D8ZBpT3r9+/el6XRzwf8gyC4Sf3QKqreD/ia/G5V4g==",
      "dependencies": {
        "sitemap": "1.5.0"
      },
      "engines": {
        "gitbook": ">=3.0.0-pre.0"
      }
    },
    "node_modules/gitbook-plugin-toggle-chapters": {
      "version": "0.0.3",
      "resolved": "https://registry.npmjs.org/gitbook-plugin-toggle-chapters/-/gitbook-plugin-toggle-chapters-0.0.3.tgz",
      "integrity": "sha512-JH9sPqsGnsF6iO2QetOPZUBTH6LUBomEx1npilZ5irIrfN8YBVXxsox72X13U3xEH0CupwWNVh+ivVKtnc8cLg==",
      "engines": {
        "gitbook": "*"
      }
    },
    "node_modules/gitbook-plugin-video-embed": {
      "version": "0.0.1",
      "resolved": "https://registry.npmjs.org/gitbook-plugin-video-embed/-/gitbook-plugin-video-embed-0.0.1.tgz",
      "integrity": "sha512-mLRvTD+3uCIB6WVQ+Yt/aHfGUlHxH2PrxnCxAmsAmSD/lqBdvBf4RnTzuZNXisgPs2kBJAAtar6oQkft7cMeRA==",
      "license": "MIT",
      "engines": {
        "gitbook": ">=3.0.0"
      }
    },
    "node_modules/sitemap": {
      "version": "1.5.0",
      "resolved": "https://registry.npmjs.org/sitemap/-/sitemap-1.5.0.tgz",
      "integrity": "sha512-AGevBYvwFaoBsZoWClv8qlaA3lpoPCUnNh2zxIHl3coZXXD5U2+GKtkMBS3pXvl5NXvzN4R0392gN4YrIpSUmQ==",
      "dependencies": {
        "underscore": "^1.7.0",
        "url-join": "^0.0.1"
      }
    },
    "node_modules/underscore": {
      "version": "1.13.7",
      "resolved": "https://registry.npmjs.org/underscore/-/underscore-1.13.7.tgz",
      "integrity": "sha512-GMXzWtsc57XAtguZgaQViUOzs0KTkk8ojr3/xAxXLITqf/3EMwxC0inyETfDFjH/Krbhuep0HNbbjI9i/q3F3g=="
    },
    "node_modules/url-join": {
      "version": "0.0.1",
      "resolved": "https://registry.npmjs.org/url-join/-/url-join-0.0.1.tgz",
      "integrity": "sha512-H6dnQ/yPAAVzMQRvEvyz01hhfQL5qRWSEt7BX8t9DqnPw9BjMb64fjIRq76Uvf1hkHp+mTZvEVJ5guXOT0Xqaw=="
    }
  }
}
